
Microsoft Visual Studio Solution File, Format Version 12.00
# Visual Studio Version 17
VisualStudioVersion = 17.14.36804.6
MinimumVisualStudioVersion = 10.0.40219.1
Project("{FAE04EC0-301F-11D3-BF4B-00C04F79EFBC}") = "iHome.UI", "iHome.UI\iHome.UI.csproj", "{983540D3-C28E-42F6-B5ED-494D77698898}"
EndProject
Project("{FAE04EC0-301F-11D3-BF4B-00C04F79EFBC}") = "iHome.BLL", "iHome.BLL\iHome.BLL.csproj", "{1B988BF9-1BF6-DF03-EBF0-D7834AB07083}"
EndProject
Project("{FAE04EC0-301F-11D3-BF4B-00C04F79EFBC}") = "iHome.DAL", "iHome.DAL\iHome.DAL.csproj", "{ADB086EE-D9AC-F111-C864-E4557AB8010F}"
EndProject
Global
	GlobalSection(SolutionConfigurationPlatforms) = preSolution
		Debug|Any CPU = Debug|Any CPU
		Release|Any CPU = Release|Any CPU
	EndGlobalSection
	GlobalSection(ProjectConfigurationPlatforms) = postSolution
		{983540D3-C28E-42F6-B5ED-494D77698898}.Debug|Any CPU.ActiveCfg = Debug|Any CPU
		{983540D3-C28E-42F6-B5ED-494D77698898}.Debug|Any CPU.Build.0 = Debug|Any CPU
		{983540D3-C28E-42F6-B5ED-494D77698898}.Release|Any CPU.ActiveCfg = Release|Any CPU
		{983540D3-C28E-42F6-B5ED-494D77698898}.Release|Any CPU.Build.0 = Release|Any CPU
		{1B988BF9-1BF6-DF03-EBF0-D7834AB07083}.Debug|Any CPU.ActiveCfg = Debug|Any CPU
		{1B988BF9-1BF6-DF03-EBF0-D7834AB07083}.Debug|Any CPU.Build.0 = Debug|Any CPU
		{1B988BF9-1BF6-DF03-EBF0-D7834AB07083}.Release|Any CPU.ActiveCfg = Release|Any CPU
		{1B988BF9-1BF6-DF03-EBF0-D7834AB07083}.Release|Any CPU.Build.0 = Release|Any CPU
		{ADB086EE-D9AC-F111-C864-E4557AB8010F}.Debug|Any CPU.ActiveCfg = Debug|Any CPU
		{ADB086EE-D9AC-F111-C864-E4557AB8010F}.Debug|Any CPU.Build.0 = Debug|Any CPU
		{ADB086EE-D9AC-F111-C864-E4557AB8010F}.Release|Any CPU.ActiveCfg = Release|Any CPU
		{ADB086EE-D9AC-F111-C864-E4557AB8010F}.Release|Any CPU.Build.0 = Release|Any CPU
	EndGlobalSection
	GlobalSection(SolutionProperties) = preSolution
		HideSolutionNode = FALSE
	EndGlobalSection
	GlobalSection(ExtensibilityGlobals) = postSolution
		SolutionGuid = {A68F6145-B8F5-472F-8496-1DFFF543AD46}
	EndGlobalSection
EndGlobal
